
Microsoft Visual Studio Solution File, Format Version 12.00
Project("{FAE04EC0-301F-11D3-BF4B-00C04F79EFBC}") = "JsonBench", "JsonBench\JsonBench.csproj", "{4E3F2348-B02D-4F2B-8582-8CAE216E24AB}"
EndProject
Project("{FAE04EC0-301F-11D3-BF4B-00C04F79EFBC}") = "JsonBench.Tests", "JsonBench.Tests\JsonBench.Tests.csproj", "{1C9285ED-DE4A-474B-9D43-D8FAF44D6EBC}"
EndProject
Project("{FAE04EC0-301F-11D3-BF4B-00C04F79EFBC}") = "JsonGenerator", "JsonGenerator\JsonGenerator.csproj", "{6F64BFF4-298E-4006-A1FF-8CA75DAD35AB}"
EndProject
Project("{FAE04EC0-301F-11D3-BF4B-00C04F79EFBC}") = "BenchmarkDotNet", "..\BenchmarkDotNet.Energy\src\BenchmarkDotNet\BenchmarkDotNet.csproj", "{6634A536-8781-4B92-8162-C48E4F3C4844}"
EndProject
Global
	GlobalSection(SolutionConfigurationPlatforms) = preSolution
		Debug|Any CPU = Debug|Any CPU
		Release|Any CPU = Release|Any CPU
	EndGlobalSection
	GlobalSection(ProjectConfigurationPlatforms) = postSolution
		{4E3F2348-B02D-4F2B-8582-8CAE216E24AB}.Debug|Any CPU.ActiveCfg = Debug|Any CPU
		{4E3F2348-B02D-4F2B-8582-8CAE216E24AB}.Debug|Any CPU.Build.0 = Debug|Any CPU
		{4E3F2348-B02D-4F2B-8582-8CAE216E24AB}.Release|Any CPU.ActiveCfg = Release|Any CPU
		{4E3F2348-B02D-4F2B-8582-8CAE216E24AB}.Release|Any CPU.Build.0 = Release|Any CPU
		{1C9285ED-DE4A-474B-9D43-D8FAF44D6EBC}.Debug|Any CPU.ActiveCfg = Debug|Any CPU
		{1C9285ED-DE4A-474B-9D43-D8FAF44D6EBC}.Debug|Any CPU.Build.0 = Debug|Any CPU
		{1C9285ED-DE4A-474B-9D43-D8FAF44D6EBC}.Release|Any CPU.ActiveCfg = Release|Any CPU
		{1C9285ED-DE4A-474B-9D43-D8FAF44D6EBC}.Release|Any CPU.Build.0 = Release|Any CPU
		{6F64BFF4-298E-4006-A1FF-8CA75DAD35AB}.Debug|Any CPU.ActiveCfg = Debug|Any CPU
		{6F64BFF4-298E-4006-A1FF-8CA75DAD35AB}.Debug|Any CPU.Build.0 = Debug|Any CPU
		{6F64BFF4-298E-4006-A1FF-8CA75DAD35AB}.Release|Any CPU.ActiveCfg = Release|Any CPU
		{6F64BFF4-298E-4006-A1FF-8CA75DAD35AB}.Release|Any CPU.Build.0 = Release|Any CPU
		{6634A536-8781-4B92-8162-C48E4F3C4844}.Debug|Any CPU.ActiveCfg = Debug|Any CPU
		{6634A536-8781-4B92-8162-C48E4F3C4844}.Debug|Any CPU.Build.0 = Debug|Any CPU
		{6634A536-8781-4B92-8162-C48E4F3C4844}.Release|Any CPU.ActiveCfg = Release|Any CPU
		{6634A536-8781-4B92-8162-C48E4F3C4844}.Release|Any CPU.Build.0 = Release|Any CPU
	EndGlobalSection
EndGlobal
